
Microsoft Visual Studio Solution File, Format Version 12.00
# Visual Studio Version 17
VisualStudioVersion = 17.2.32602.215
MinimumVisualStudioVersion = 10.0.40219.1
Project("{FAE04EC0-301F-11D3-BF4B-00C04F79EFBC}") = "SuperHeroAPI", "SuperHeroAPI\SuperHeroAPI.csproj", "{08681211-6D21-47A1-8AB9-C5DF378D437D}"
EndProject
Global
	GlobalSection(SolutionConfigurationPlatforms) = preSolution
		Debug|Any CPU = Debug|Any CPU
		Release|Any CPU = Release|Any CPU
	EndGlobalSection
	GlobalSection(ProjectConfigurationPlatforms) = postSolution
		{08681211-6D21-47A1-8AB9-C5DF378D437D}.Debug|Any CPU.ActiveCfg = Debug|Any CPU
		{08681211-6D21-47A1-8AB9-C5DF378D437D}.Debug|Any CPU.Build.0 = Debug|Any CPU
		{08681211-6D21-47A1-8AB9-C5DF378D437D}.Release|Any CPU.ActiveCfg = Release|Any CPU
		{08681211-6D21-47A1-8AB9-C5DF378D437D}.Release|Any CPU.Build.0 = Release|Any CPU
	EndGlobalSection
	GlobalSection(SolutionProperties) = preSolution
		HideSolutionNode = FALSE
	EndGlobalSection
	GlobalSection(ExtensibilityGlobals) = postSolution
		SolutionGuid = {47F28050-EADF-4FB8-8908-E430420A265F}
	EndGlobalSection
EndGlobal
